# This file is automatically @generated by Cargo.
# It is not intended for manual editing.
version = 3

[[package]]
name = "SMIS"
version = "0.1.0"
dependencies = [
 "bimap",
]

[[package]]
name = "bimap"
version = "0.6.2"
source = "registry+https://github.com/rust-lang/crates.io-index"
checksum = "bc0455254eb5c6964c4545d8bac815e1a1be4f3afe0ae695ea539c12d728d44b"
